
Microsoft Visual Studio Solution File, Format Version 12.00
# Visual Studio Version 17
VisualStudioVersion = 17.11.35222.181
MinimumVisualStudioVersion = 10.0.40219.1
Project("{9A19103F-16F7-4668-BE54-9A1E7A4F7556}") = "App-UI", "App-UI\App-UI.csproj", "{CF5CB3A4-C242-43B6-BD3B-BD185D03722E}"
EndProject
Project("{9A19103F-16F7-4668-BE54-9A1E7A4F7556}") = "Services", "Services\Services.csproj", "{E2D9F7F6-E882-40B5-9FF5-DDB3E4C63B4A}"
EndProject
Project("{FAE04EC0-301F-11D3-BF4B-00C04F79EFBC}") = "Domain", "Domain\Domain.csproj", "{219B6AAB-549C-471D-ACF1-0D45433B6816}"
EndProject
Global
	GlobalSection(SolutionConfigurationPlatforms) = preSolution
		Debug|Any CPU = Debug|Any CPU
		Release|Any CPU = Release|Any CPU
	EndGlobalSection
	GlobalSection(ProjectConfigurationPlatforms) = postSolution
		{CF5CB3A4-C242-43B6-BD3B-BD185D03722E}.Debug|Any CPU.ActiveCfg = Debug|Any CPU
		{CF5CB3A4-C242-43B6-BD3B-BD185D03722E}.Debug|Any CPU.Build.0 = Debug|Any CPU
		{CF5CB3A4-C242-43B6-BD3B-BD185D03722E}.Release|Any CPU.ActiveCfg = Release|Any CPU
		{CF5CB3A4-C242-43B6-BD3B-BD185D03722E}.Release|Any CPU.Build.0 = Release|Any CPU
		{E2D9F7F6-E882-40B5-9FF5-DDB3E4C63B4A}.Debug|Any CPU.ActiveCfg = Debug|Any CPU
		{E2D9F7F6-E882-40B5-9FF5-DDB3E4C63B4A}.Debug|Any CPU.Build.0 = Debug|Any CPU
		{E2D9F7F6-E882-40B5-9FF5-DDB3E4C63B4A}.Release|Any CPU.ActiveCfg = Release|Any CPU
		{E2D9F7F6-E882-40B5-9FF5-DDB3E4C63B4A}.Release|Any CPU.Build.0 = Release|Any CPU
		{219B6AAB-549C-471D-ACF1-0D45433B6816}.Debug|Any CPU.ActiveCfg = Debug|Any CPU
		{219B6AAB-549C-471D-ACF1-0D45433B6816}.Debug|Any CPU.Build.0 = Debug|Any CPU
		{219B6AAB-549C-471D-ACF1-0D45433B6816}.Release|Any CPU.ActiveCfg = Release|Any CPU
		{219B6AAB-549C-471D-ACF1-0D45433B6816}.Release|Any CPU.Build.0 = Release|Any CPU
	EndGlobalSection
	GlobalSection(SolutionProperties) = preSolution
		HideSolutionNode = FALSE
	EndGlobalSection
	GlobalSection(ExtensibilityGlobals) = postSolution
		SolutionGuid = {DE8D6374-0B92-4838-B5CE-DAEB171BDAC9}
	EndGlobalSection
EndGlobal
